
Microsoft Visual Studio Solution File, Format Version 12.00
# Visual Studio Version 17
VisualStudioVersion = 17.14.36518.9 d17.14
MinimumVisualStudioVersion = 10.0.40219.1
Project("{FAE04EC0-301F-11D3-BF4B-00C04F79EFBC}") = "WpfApp1", "WpfApp1\WpfApp1.csproj", "{CC959941-9AC5-4B25-ACAF-5D62A4133D66}"
EndProject
Global
	GlobalSection(SolutionConfigurationPlatforms) = preSolution
		Debug|Any CPU = Debug|Any CPU
		Release|Any CPU = Release|Any CPU
	EndGlobalSection
	GlobalSection(ProjectConfigurationPlatforms) = postSolution
		{CC959941-9AC5-4B25-ACAF-5D62A4133D66}.Debug|Any CPU.ActiveCfg = Debug|Any CPU
		{CC959941-9AC5-4B25-ACAF-5D62A4133D66}.Debug|Any CPU.Build.0 = Debug|Any CPU
		{CC959941-9AC5-4B25-ACAF-5D62A4133D66}.Release|Any CPU.ActiveCfg = Release|Any CPU
		{CC959941-9AC5-4B25-ACAF-5D62A4133D66}.Release|Any CPU.Build.0 = Release|Any CPU
	EndGlobalSection
	GlobalSection(SolutionProperties) = preSolution
		HideSolutionNode = FALSE
	EndGlobalSection
	GlobalSection(ExtensibilityGlobals) = postSolution
		SolutionGuid = {18854A0E-E040-4653-B40B-E4D00A2BF07C}
	EndGlobalSection
EndGlobal
