
Microsoft Visual Studio Solution File, Format Version 12.00
# Visual Studio Version 17
VisualStudioVersion = 17.14.36518.9 d17.14
MinimumVisualStudioVersion = 10.0.40219.1
Project("{FAE04EC0-301F-11D3-BF4B-00C04F79EFBC}") = "WpfApp5", "WpfApp5\WpfApp5.csproj", "{918C9F74-64B4-49A9-ACC2-9DF8BEE12A3A}"
EndProject
Global
	GlobalSection(SolutionConfigurationPlatforms) = preSolution
		Debug|Any CPU = Debug|Any CPU
		Release|Any CPU = Release|Any CPU
	EndGlobalSection
	GlobalSection(ProjectConfigurationPlatforms) = postSolution
		{918C9F74-64B4-49A9-ACC2-9DF8BEE12A3A}.Debug|Any CPU.ActiveCfg = Debug|Any CPU
		{918C9F74-64B4-49A9-ACC2-9DF8BEE12A3A}.Debug|Any CPU.Build.0 = Debug|Any CPU
		{918C9F74-64B4-49A9-ACC2-9DF8BEE12A3A}.Release|Any CPU.ActiveCfg = Release|Any CPU
		{918C9F74-64B4-49A9-ACC2-9DF8BEE12A3A}.Release|Any CPU.Build.0 = Release|Any CPU
	EndGlobalSection
	GlobalSection(SolutionProperties) = preSolution
		HideSolutionNode = FALSE
	EndGlobalSection
	GlobalSection(ExtensibilityGlobals) = postSolution
		SolutionGuid = {9F543B16-FD4F-448C-9181-73311B0F7187}
	EndGlobalSection
EndGlobal
