
Microsoft Visual Studio Solution File, Format Version 12.00
# Visual Studio Version 17
VisualStudioVersion = 17.14.36511.14 d17.14
MinimumVisualStudioVersion = 10.0.40219.1
Project("{FAE04EC0-301F-11D3-BF4B-00C04F79EFBC}") = "WpfApp4", "WpfApp4\WpfApp4.csproj", "{7FF04217-E4BC-4A1A-8390-5CE6A239D8E4}"
EndProject
Global
	GlobalSection(SolutionConfigurationPlatforms) = preSolution
		Debug|Any CPU = Debug|Any CPU
		Release|Any CPU = Release|Any CPU
	EndGlobalSection
	GlobalSection(ProjectConfigurationPlatforms) = postSolution
		{7FF04217-E4BC-4A1A-8390-5CE6A239D8E4}.Debug|Any CPU.ActiveCfg = Debug|Any CPU
		{7FF04217-E4BC-4A1A-8390-5CE6A239D8E4}.Debug|Any CPU.Build.0 = Debug|Any CPU
		{7FF04217-E4BC-4A1A-8390-5CE6A239D8E4}.Release|Any CPU.ActiveCfg = Release|Any CPU
		{7FF04217-E4BC-4A1A-8390-5CE6A239D8E4}.Release|Any CPU.Build.0 = Release|Any CPU
	EndGlobalSection
	GlobalSection(SolutionProperties) = preSolution
		HideSolutionNode = FALSE
	EndGlobalSection
	GlobalSection(ExtensibilityGlobals) = postSolution
		SolutionGuid = {EA2CBF53-334A-4E7E-B64A-2B2F2D7E4C76}
	EndGlobalSection
EndGlobal
