
Microsoft Visual Studio Solution File, Format Version 12.00
# Visual Studio Version 17
VisualStudioVersion = 17.14.36518.9 d17.14
MinimumVisualStudioVersion = 10.0.40219.1
Project("{FAE04EC0-301F-11D3-BF4B-00C04F79EFBC}") = "WpfApp4", "WpfApp4\WpfApp4.csproj", "{9237E5FD-2C81-4D46-BBE0-CAFAF71AABB5}"
EndProject
Global
	GlobalSection(SolutionConfigurationPlatforms) = preSolution
		Debug|Any CPU = Debug|Any CPU
		Release|Any CPU = Release|Any CPU
	EndGlobalSection
	GlobalSection(ProjectConfigurationPlatforms) = postSolution
		{9237E5FD-2C81-4D46-BBE0-CAFAF71AABB5}.Debug|Any CPU.ActiveCfg = Debug|Any CPU
		{9237E5FD-2C81-4D46-BBE0-CAFAF71AABB5}.Debug|Any CPU.Build.0 = Debug|Any CPU
		{9237E5FD-2C81-4D46-BBE0-CAFAF71AABB5}.Release|Any CPU.ActiveCfg = Release|Any CPU
		{9237E5FD-2C81-4D46-BBE0-CAFAF71AABB5}.Release|Any CPU.Build.0 = Release|Any CPU
	EndGlobalSection
	GlobalSection(SolutionProperties) = preSolution
		HideSolutionNode = FALSE
	EndGlobalSection
	GlobalSection(ExtensibilityGlobals) = postSolution
		SolutionGuid = {E794FA0F-3356-4D4C-B611-895E153CC1F1}
	EndGlobalSection
EndGlobal
