
Microsoft Visual Studio Solution File, Format Version 12.00
# Visual Studio Version 17
VisualStudioVersion = 17.14.36518.9 d17.14
MinimumVisualStudioVersion = 10.0.40219.1
Project("{FAE04EC0-301F-11D3-BF4B-00C04F79EFBC}") = "WpfApp3", "WpfApp3\WpfApp3.csproj", "{37A798E2-39FB-442E-8B22-649B71B3C7DF}"
EndProject
Global
	GlobalSection(SolutionConfigurationPlatforms) = preSolution
		Debug|Any CPU = Debug|Any CPU
		Release|Any CPU = Release|Any CPU
	EndGlobalSection
	GlobalSection(ProjectConfigurationPlatforms) = postSolution
		{37A798E2-39FB-442E-8B22-649B71B3C7DF}.Debug|Any CPU.ActiveCfg = Debug|Any CPU
		{37A798E2-39FB-442E-8B22-649B71B3C7DF}.Debug|Any CPU.Build.0 = Debug|Any CPU
		{37A798E2-39FB-442E-8B22-649B71B3C7DF}.Release|Any CPU.ActiveCfg = Release|Any CPU
		{37A798E2-39FB-442E-8B22-649B71B3C7DF}.Release|Any CPU.Build.0 = Release|Any CPU
	EndGlobalSection
	GlobalSection(SolutionProperties) = preSolution
		HideSolutionNode = FALSE
	EndGlobalSection
	GlobalSection(ExtensibilityGlobals) = postSolution
		SolutionGuid = {BA86C7C8-525F-47D7-8F89-F8529871621E}
	EndGlobalSection
EndGlobal
